
Microsoft Visual Studio Solution File, Format Version 12.00
# Visual Studio Version 16
VisualStudioVersion = 16.0.30011.22
MinimumVisualStudioVersion = 10.0.40219.1
Project("{FAE04EC0-301F-11D3-BF4B-00C04F79EFBC}") = "Api.Movie", "Api.Movie\Api.Movie.csproj", "{190F1423-B5C5-4DDD-9B59-C5273A43289E}"
EndProject
Global
	GlobalSection(SolutionConfigurationPlatforms) = preSolution
		Debug|Any CPU = Debug|Any CPU
		Release|Any CPU = Release|Any CPU
	EndGlobalSection
	GlobalSection(ProjectConfigurationPlatforms) = postSolution
		{190F1423-B5C5-4DDD-9B59-C5273A43289E}.Debug|Any CPU.ActiveCfg = Debug|Any CPU
		{190F1423-B5C5-4DDD-9B59-C5273A43289E}.Debug|Any CPU.Build.0 = Debug|Any CPU
		{190F1423-B5C5-4DDD-9B59-C5273A43289E}.Release|Any CPU.ActiveCfg = Release|Any CPU
		{190F1423-B5C5-4DDD-9B59-C5273A43289E}.Release|Any CPU.Build.0 = Release|Any CPU
	EndGlobalSection
	GlobalSection(SolutionProperties) = preSolution
		HideSolutionNode = FALSE
	EndGlobalSection
	GlobalSection(ExtensibilityGlobals) = postSolution
		SolutionGuid = {1209AD84-EBF9-4233-B828-0FBA0193D996}
	EndGlobalSection
EndGlobal
